{
  "originHash" : "d81183cda16405d15392e66692d621529d2c68f530eca8bfb80b69b5d5e8a423",
  "pins" : [
    {
      "identity" : "kingfisher",
      "kind" : "remoteSourceControl",
      "location" : "https://github.com/onevcat/Kingfisher.git",
      "state" : {
        "revision" : "2ef543ee21d63734e1c004ad6c870255e8716c50",
        "version" : "7.12.0"
      }
    },
    {
      "identity" : "rxswift",
      "kind" : "remoteSourceControl",
      "location" : "https://github.com/ReactiveX/RxSwift.git",
      "state" : {
        "revision" : "b06a8c8596e4c3e8e7788e08e720e3248563ce6a",
        "version" : "6.7.1"
      }
    },
    {
      "identity" : "swiftkeychainwrapper",
      "kind" : "remoteSourceControl",
      "location" : "https://github.com/jrendel/SwiftKeychainWrapper.git",
      "state" : {
        "revision" : "185a3165346a03767101c4f62e9a545a0fe0530f",
        "version" : "4.0.1"
      }
    },
    {
      "identity" : "swiftuimodal",
      "kind" : "remoteSourceControl",
      "location" : "https://github.com/nonameplum/SwiftUIModal.git",
      "state" : {
        "revision" : "cd89b0f163843af3b621fc43e778cde918ebf977",
        "version" : "1.0.3"
      }
    },
    {
      "identity" : "vkid-ios-sdk",
      "kind" : "remoteSourceControl",
      "location" : "https://github.com/VKCOM/vkid-ios-sdk.git",
      "state" : {
        "revision" : "7c8ea8434f88cd0d04b071d087fc5e4a0a849ea2",
        "version" : "2.1.0"
      }
    },
    {
      "identity" : "xcoordinator",
      "kind" : "remoteSourceControl",
      "location" : "https://github.com/QuickBirdEng/XCoordinator.git",
      "state" : {
        "revision" : "00b066139ed0bf2f68549a7d87434ed36dfa6dea",
        "version" : "2.2.1"
      }
    }
  ],
  "version" : 3
}
